
Microsoft Visual Studio Solution File, Format Version 11.00
# Visual Studio 2010
Project("{FAE04EC0-301F-11D3-BF4B-00C04F79EFBC}") = "LineDrawing_001", "LineDrawing_001\LineDrawing_001\LineDrawing_001.csproj", "{FB026D12-8E6E-409A-B3B2-12756F9D044E}"
EndProject
Project("{96E2B04D-8817-42C6-938A-82C39BA4D311}") = "LineDrawing_001Content", "LineDrawing_001\LineDrawing_001Content\LineDrawing_001Content.contentproj", "{2CDE7C04-C2D1-4B86-ABB0-0DB4B1F81A93}"
EndProject
Global
	GlobalSection(SolutionConfigurationPlatforms) = preSolution
		Debug|x86 = Debug|x86
		Release|x86 = Release|x86
	EndGlobalSection
	GlobalSection(ProjectConfigurationPlatforms) = postSolution
		{FB026D12-8E6E-409A-B3B2-12756F9D044E}.Debug|x86.ActiveCfg = Debug|x86
		{FB026D12-8E6E-409A-B3B2-12756F9D044E}.Debug|x86.Build.0 = Debug|x86
		{FB026D12-8E6E-409A-B3B2-12756F9D044E}.Release|x86.ActiveCfg = Release|x86
		{FB026D12-8E6E-409A-B3B2-12756F9D044E}.Release|x86.Build.0 = Release|x86
		{2CDE7C04-C2D1-4B86-ABB0-0DB4B1F81A93}.Debug|x86.ActiveCfg = Debug|x86
		{2CDE7C04-C2D1-4B86-ABB0-0DB4B1F81A93}.Release|x86.ActiveCfg = Release|x86
	EndGlobalSection
	GlobalSection(SolutionProperties) = preSolution
		HideSolutionNode = FALSE
	EndGlobalSection
EndGlobal
