
Microsoft Visual Studio Solution File, Format Version 11.00
# Visual Studio 2010
Project("{FAE04EC0-301F-11D3-BF4B-00C04F79EFBC}") = "Flux", "Flux\Flux\Flux.csproj", "{7C41EDF7-7D28-4757-883F-00BDBF793065}"
EndProject
Project("{FAE04EC0-301F-11D3-BF4B-00C04F79EFBC}") = "FluxContent", "Flux\FluxContent\FluxContent.contentproj", "{024E11DE-813F-48D7-B0CA-9F0C3B09E065}"
EndProject
Global
	GlobalSection(SolutionConfigurationPlatforms) = preSolution
		Debug|Any CPU = Debug|Any CPU
		Debug|Mixed Platforms = Debug|Mixed Platforms
		Debug|x86 = Debug|x86
		DebugILMerge|Any CPU = DebugILMerge|Any CPU
		DebugILMerge|Mixed Platforms = DebugILMerge|Mixed Platforms
		DebugILMerge|x86 = DebugILMerge|x86
		Release|Any CPU = Release|Any CPU
		Release|Mixed Platforms = Release|Mixed Platforms
		Release|x86 = Release|x86
		ReleaseILMerge|Any CPU = ReleaseILMerge|Any CPU
		ReleaseILMerge|Mixed Platforms = ReleaseILMerge|Mixed Platforms
		ReleaseILMerge|x86 = ReleaseILMerge|x86
	EndGlobalSection
	GlobalSection(ProjectConfigurationPlatforms) = postSolution
		{7C41EDF7-7D28-4757-883F-00BDBF793065}.Debug|Any CPU.ActiveCfg = Debug|x86
		{7C41EDF7-7D28-4757-883F-00BDBF793065}.Debug|Mixed Platforms.ActiveCfg = Debug|x86
		{7C41EDF7-7D28-4757-883F-00BDBF793065}.Debug|Mixed Platforms.Build.0 = Debug|x86
		{7C41EDF7-7D28-4757-883F-00BDBF793065}.Debug|x86.ActiveCfg = Debug|x86
		{7C41EDF7-7D28-4757-883F-00BDBF793065}.Debug|x86.Build.0 = Debug|x86
		{7C41EDF7-7D28-4757-883F-00BDBF793065}.DebugILMerge|Any CPU.ActiveCfg = Debug|x86
		{7C41EDF7-7D28-4757-883F-00BDBF793065}.DebugILMerge|Mixed Platforms.ActiveCfg = Debug|x86
		{7C41EDF7-7D28-4757-883F-00BDBF793065}.DebugILMerge|Mixed Platforms.Build.0 = Debug|x86
		{7C41EDF7-7D28-4757-883F-00BDBF793065}.DebugILMerge|x86.ActiveCfg = Debug|x86
		{7C41EDF7-7D28-4757-883F-00BDBF793065}.DebugILMerge|x86.Build.0 = Debug|x86
		{7C41EDF7-7D28-4757-883F-00BDBF793065}.Release|Any CPU.ActiveCfg = Release|x86
		{7C41EDF7-7D28-4757-883F-00BDBF793065}.Release|Mixed Platforms.ActiveCfg = Release|x86
		{7C41EDF7-7D28-4757-883F-00BDBF793065}.Release|Mixed Platforms.Build.0 = Release|x86
		{7C41EDF7-7D28-4757-883F-00BDBF793065}.Release|x86.ActiveCfg = Release|x86
		{7C41EDF7-7D28-4757-883F-00BDBF793065}.Release|x86.Build.0 = Release|x86
		{7C41EDF7-7D28-4757-883F-00BDBF793065}.ReleaseILMerge|Any CPU.ActiveCfg = Release|x86
		{7C41EDF7-7D28-4757-883F-00BDBF793065}.ReleaseILMerge|Mixed Platforms.ActiveCfg = Release|x86
		{7C41EDF7-7D28-4757-883F-00BDBF793065}.ReleaseILMerge|Mixed Platforms.Build.0 = Release|x86
		{7C41EDF7-7D28-4757-883F-00BDBF793065}.ReleaseILMerge|x86.ActiveCfg = Release|x86
		{7C41EDF7-7D28-4757-883F-00BDBF793065}.ReleaseILMerge|x86.Build.0 = Release|x86
		{024E11DE-813F-48D7-B0CA-9F0C3B09E065}.Debug|Any CPU.ActiveCfg = Debug|x86
		{024E11DE-813F-48D7-B0CA-9F0C3B09E065}.Debug|Mixed Platforms.ActiveCfg = Debug|x86
		{024E11DE-813F-48D7-B0CA-9F0C3B09E065}.Debug|x86.ActiveCfg = Debug|x86
		{024E11DE-813F-48D7-B0CA-9F0C3B09E065}.DebugILMerge|Any CPU.ActiveCfg = Debug|x86
		{024E11DE-813F-48D7-B0CA-9F0C3B09E065}.DebugILMerge|Mixed Platforms.ActiveCfg = Debug|x86
		{024E11DE-813F-48D7-B0CA-9F0C3B09E065}.DebugILMerge|x86.ActiveCfg = Debug|x86
		{024E11DE-813F-48D7-B0CA-9F0C3B09E065}.Release|Any CPU.ActiveCfg = Release|x86
		{024E11DE-813F-48D7-B0CA-9F0C3B09E065}.Release|Mixed Platforms.ActiveCfg = Release|x86
		{024E11DE-813F-48D7-B0CA-9F0C3B09E065}.Release|x86.ActiveCfg = Release|x86
		{024E11DE-813F-48D7-B0CA-9F0C3B09E065}.ReleaseILMerge|Any CPU.ActiveCfg = Release|x86
		{024E11DE-813F-48D7-B0CA-9F0C3B09E065}.ReleaseILMerge|Mixed Platforms.ActiveCfg = Release|x86
		{024E11DE-813F-48D7-B0CA-9F0C3B09E065}.ReleaseILMerge|x86.ActiveCfg = Release|x86
	EndGlobalSection
	GlobalSection(SolutionProperties) = preSolution
		HideSolutionNode = FALSE
	EndGlobalSection
EndGlobal
