
Microsoft Visual Studio Solution File, Format Version 11.00
# Visual Studio 2010
Project("{FAE04EC0-301F-11D3-BF4B-00C04F79EFBC}") = "SocketsThrowaway", "SocketsThrowaway\SocketsThrowaway\SocketsThrowaway.csproj", "{3E8D907F-B170-4294-9763-B2EF2E321BA3}"
EndProject
Project("{96E2B04D-8817-42C6-938A-82C39BA4D311}") = "SocketsThrowawayContent", "SocketsThrowaway\SocketsThrowawayContent\SocketsThrowawayContent.contentproj", "{24883E58-A822-4182-9323-31E2CC14EADE}"
EndProject
Global
	GlobalSection(SolutionConfigurationPlatforms) = preSolution
		Debug|x86 = Debug|x86
		Release|x86 = Release|x86
	EndGlobalSection
	GlobalSection(ProjectConfigurationPlatforms) = postSolution
		{3E8D907F-B170-4294-9763-B2EF2E321BA3}.Debug|x86.ActiveCfg = Debug|x86
		{3E8D907F-B170-4294-9763-B2EF2E321BA3}.Debug|x86.Build.0 = Debug|x86
		{3E8D907F-B170-4294-9763-B2EF2E321BA3}.Release|x86.ActiveCfg = Release|x86
		{3E8D907F-B170-4294-9763-B2EF2E321BA3}.Release|x86.Build.0 = Release|x86
		{24883E58-A822-4182-9323-31E2CC14EADE}.Debug|x86.ActiveCfg = Debug|x86
		{24883E58-A822-4182-9323-31E2CC14EADE}.Release|x86.ActiveCfg = Release|x86
	EndGlobalSection
	GlobalSection(SolutionProperties) = preSolution
		HideSolutionNode = FALSE
	EndGlobalSection
EndGlobal
