
Microsoft Visual Studio Solution File, Format Version 11.00
# Visual Studio 2010
Project("{FAE04EC0-301F-11D3-BF4B-00C04F79EFBC}") = "3dSpriteBatch", "3dSpriteBatch\3dSpriteBatch\3dSpriteBatch.csproj", "{C6F6A471-43CA-47DE-9515-80D8369DFDB0}"
EndProject
Project("{96E2B04D-8817-42C6-938A-82C39BA4D311}") = "3dSpriteBatchContent", "3dSpriteBatch\3dSpriteBatchContent\3dSpriteBatchContent.contentproj", "{0EB78780-59E7-4615-BBAB-0EE22DDDCDF8}"
EndProject
Global
	GlobalSection(SolutionConfigurationPlatforms) = preSolution
		Debug|x86 = Debug|x86
		Release|x86 = Release|x86
	EndGlobalSection
	GlobalSection(ProjectConfigurationPlatforms) = postSolution
		{C6F6A471-43CA-47DE-9515-80D8369DFDB0}.Debug|x86.ActiveCfg = Debug|x86
		{C6F6A471-43CA-47DE-9515-80D8369DFDB0}.Debug|x86.Build.0 = Debug|x86
		{C6F6A471-43CA-47DE-9515-80D8369DFDB0}.Release|x86.ActiveCfg = Release|x86
		{C6F6A471-43CA-47DE-9515-80D8369DFDB0}.Release|x86.Build.0 = Release|x86
		{0EB78780-59E7-4615-BBAB-0EE22DDDCDF8}.Debug|x86.ActiveCfg = Debug|x86
		{0EB78780-59E7-4615-BBAB-0EE22DDDCDF8}.Release|x86.ActiveCfg = Release|x86
	EndGlobalSection
	GlobalSection(SolutionProperties) = preSolution
		HideSolutionNode = FALSE
	EndGlobalSection
EndGlobal
